// !$*UTF8*$!
{
	archiveVersion = 1;
	classes = {
	};
	objectVersion = 46;
	objects = {

/* Begin PBXBuildFile section */
		A163FA431D62F32B00496D4B /* AppDelegate.m in Sources */ = {isa = PBXBuildFile; fileRef = A163FA421D62F32B00496D4B /* AppDelegate.m */; };
		A163FA461D62F32B00496D4B /* main.m in Sources */ = {isa = PBXBuildFile; fileRef = A163FA451D62F32B00496D4B /* main.m */; };
		A163FA491D62F32B00496D4B /* ViewController.m in Sources */ = {isa = PBXBuildFile; fileRef = A163FA481D62F32B00496D4B /* ViewController.m */; };
		A163FA4B1D62F32B00496D4B /* Assets.xcassets in Resources */ = {isa = PBXBuildFile; fileRef = A163FA4A1D62F32B00496D4B /* Assets.xcassets */; };
		A163FA4E1D62F32B00496D4B /* Main.storyboard in Resources */ = {isa = PBXBuildFile; fileRef = A163FA4C1D62F32B00496D4B /* Main.storyboard */; };
/* End PBXBuildFile section */

/* Begin PBXFileReference section */
		A163FA3E1D62F32B00496D4B /* Mac_NSTextView.app */ = {isa = PBXFileReference; explicitFileType = wrapper.application; includeInIndex = 0; path = Mac_NSTextView.app; sourceTree = BUILT_PRODUCTS_DIR; };
		A163FA411D62F32B00496D4B /* AppDelegate.h */ = {isa = PBXFileReference; lastKnownFileType = sourcecode.c.h; path = AppDelegate.h; sourceTree = "<group>"; };
		A163FA421D62F32B00496D4B /* AppDelegate.m */ = {isa = PBXFileReference; lastKnownFileType = sourcecode.c.objc; path = AppDelegate.m; sourceTree = "<group>"; };
		A163FA451D62F32B00496D4B /* main.m */ = {isa = PBXFileReference; lastKnownFileType = sourcecode.c.objc; path = main.m; sourceTree = "<group>"; };
		A163FA471D62F32B00496D4B /* ViewController.h */ = {isa = PBXFileReference; lastKnownFileType = sourcecode.c.h; path = ViewController.h; sourceTree = "<group>"; };
		A163FA481D62F32B00496D4B /* ViewController.m */ = {isa = PBXFileReference; lastKnownFileType = sourcecode.c.objc; path = ViewController.m; sourceTree = "<group>"; };
		A163FA4A1D62F32B00496D4B /* Assets.xcassets */ = {isa = PBXFileReference; lastKnownFileType = folder.assetcatalog; path = Assets.xcassets; sourceTree = "<group>"; };
		A163FA4D1D62F32B00496D4B /* Base */ = {isa = PBXFileReference; lastKnownFileType = file.storyboard; name = Base; path = Base.lproj/Main.storyboard; sourceTree = "<group>"; };
		A163FA4F1D62F32B00496D4B /* Info.plist */ = {isa = PBXFileReference; lastKnownFileType = text.plist.xml; path = Info.plist; sourceTree = "<group>"; };
/* End PBXFileReference section */

/* Begin PBXFrameworksBuildPhase section */
		A163FA3B1D62F32B00496D4B /* Frameworks */ = {
			isa = PBXFrameworksBuildPhase;
			buildActionMask = 2147483647;
			files = (
			);
			runOnlyForDeploymentPostprocessing = 0;
		};
/* End PBXFrameworksBuildPhase section */

/* Begin PBXGroup section */
		A163FA351D62F32B00496D4B = {
			isa = PBXGroup;
			children = (
				A163FA401D62F32B00496D4B /* Mac_NSTextView */,
				A163FA3F1D62F32B00496D4B /* Products */,
			);
			sourceTree = "<group>";
		};
		A163FA3F1D62F32B00496D4B /* Products */ = {
			isa = PBXGroup;
			children = (
				A163FA3E1D62F32B00496D4B /* Mac_NSTextView.app */,
			);
			name = Products;
			sourceTree = "<group>";
		};
		A163FA401D62F32B00496D4B /* Mac_NSTextView */ = {
			isa = PBXGroup;
			children = (
				A163FA411D62F32B00496D4B /* AppDelegate.h */,
				A163FA421D62F32B00496D4B /* AppDelegate.m */,
				A163FA471D62F32B00496D4B /* ViewController.h */,
				A163FA481D62F32B00496D4B /* ViewController.m */,
				A163FA4A1D62F32B00496D4B /* Assets.xcassets */,
				A163FA4C1D62F32B00496D4B /* Main.storyboard */,
				A163FA4F1D62F32B00496D4B /* Info.plist */,
				A163FA441D62F32B00496D4B /* Supporting Files */,
			);
			path = Mac_NSTextView;
			sourceTree = "<group>";
		};
		A163FA441D62F32B00496D4B /* Supporting Files */ = {
			isa = PBXGroup;
			children = (
				A163FA451D62F32B00496D4B /* main.m */,
			);
			name = "Supporting Files";
			sourceTree = "<group>";
		};
/* End PBXGroup section */

/* Begin PBXNativeTarget section */
		A163FA3D1D62F32B00496D4B /* Mac_NSTextView */ = {
			isa = PBXNativeTarget;
			buildConfigurationList = A163FA521D62F32B00496D4B /* Build configuration list for PBXNativeTarget "Mac_NSTextView" */;
			buildPhases = (
				A163FA3A1D62F32B00496D4B /* Sources */,
				A163FA3B1D62F32B00496D4B /* Frameworks */,
				A163FA3C1D62F32B00496D4B /* Resources */,
			);
			buildRules = (
			);
			dependencies = (
			);
			name = Mac_NSTextView;
			productName = Mac_NSTextView;
			productReference = A163FA3E1D62F32B00496D4B /* Mac_NSTextView.app */;
			productType = "com.apple.product-type.application";
		};
/* End PBXNativeTarget section */

/* Begin PBXProject section */
		A163FA361D62F32B00496D4B /* Project object */ = {
			isa = PBXProject;
			attributes = {
				LastUpgradeCheck = 0720;
				ORGANIZATIONNAME = pengwenjie;
				TargetAttributes = {
					A163FA3D1D62F32B00496D4B = {
						CreatedOnToolsVersion = 7.2.1;
					};
				};
			};
			buildConfigurationList = A163FA391D62F32B00496D4B /* Build configuration list for PBXProject "Mac_NSTextView" */;
			compatibilityVersion = "Xcode 3.2";
			developmentRegion = English;
			hasScannedForEncodings = 0;
			knownRegions = (
				en,
				Base,
			);
			mainGroup = A163FA351D62F32B00496D4B;
			productRefGroup = A163FA3F1D62F32B00496D4B /* Products */;
			projectDirPath = "";
			projectRoot = "";
			targets = (
				A163FA3D1D62F32B00496D4B /* Mac_NSTextView */,
			);
		};
/* End PBXProject section */

/* Begin PBXResourcesBuildPhase section */
		A163FA3C1D62F32B00496D4B /* Resources */ = {
			isa = PBXResourcesBuildPhase;
			buildActionMask = 2147483647;
			files = (
				A163FA4B1D62F32B00496D4B /* Assets.xcassets in Resources */,
				A163FA4E1D62F32B00496D4B /* Main.storyboard in Resources */,
			);
			runOnlyForDeploymentPostprocessing = 0;
		};
/* End PBXResourcesBuildPhase section */

/* Begin PBXSourcesBuildPhase section */
		A163FA3A1D62F32B00496D4B /* Sources */ = {
			isa = PBXSourcesBuildPhase;
			buildActionMask = 2147483647;
			files = (
				A163FA491D62F32B00496D4B /* ViewController.m in Sources */,
				A163FA461D62F32B00496D4B /* main.m in Sources */,
				A163FA431D62F32B00496D4B /* AppDelegate.m in Sources */,
			);
			runOnlyForDeploymentPostprocessing = 0;
		};
/* End PBXSourcesBuildPhase section */

/* Begin PBXVariantGroup section */
		A163FA4C1D62F32B00496D4B /* Main.storyboard */ = {
			isa = PBXVariantGroup;
			children = (
				A163FA4D1D62F32B00496D4B /* Base */,
			);
			name = Main.storyboard;
			sourceTree = "<group>";
		};
/* End PBXVariantGroup section */

/* Begin XCBuildConfiguration section */
		A163FA501D62F32B00496D4B /* Debug */ = {
			isa = XCBuildConfiguration;
			buildSettings = {
				ALWAYS_SEARCH_USER_PATHS = NO;
				CLANG_CXX_LANGUAGE_STANDARD = "gnu++0x";
				CLANG_CXX_LIBRARY = "libc++";
				CLANG_ENABLE_MODULES = YES;
				CLANG_ENABLE_OBJC_ARC = YES;
				CLANG_WARN_BOOL_CONVERSION = YES;
				CLANG_WARN_CONSTANT_CONVERSION = YES;
				CLANG_WARN_DIRECT_OBJC_ISA_USAGE = YES_ERROR;
				CLANG_WARN_EMPTY_BODY = YES;
				CLANG_WARN_ENUM_CONVERSION = YES;
				CLANG_WARN_INT_CONVERSION = YES;
				CLANG_WARN_OBJC_ROOT_CLASS = YES_ERROR;
				CLANG_WARN_UNREACHABLE_CODE = YES;
				CLANG_WARN__DUPLICATE_METHOD_MATCH = YES;
				CODE_SIGN_IDENTITY = "-";
				COPY_PHASE_STRIP = NO;
				DEBUG_INFORMATION_FORMAT = dwarf;
				ENABLE_STRICT_OBJC_MSGSEND = YES;
				ENABLE_TESTABILITY = YES;
				GCC_C_LANGUAGE_STANDARD = gnu99;
				GCC_DYNAMIC_NO_PIC = NO;
				GCC_NO_COMMON_BLOCKS = YES;
				GCC_OPTIMIZATION_LEVEL = 0;
				GCC_PREPROCESSOR_DEFINITIONS = (
					"DEBUG=1",
					"$(inherited)",
				);
				GCC_WARN_64_TO_32_BIT_CONVERSION = YES;
				GCC_WARN_ABOUT_RETURN_TYPE = YES_ERROR;
				GCC_WARN_UNDECLARED_SELECTOR = YES;
				GCC_WARN_UNINITIALIZED_AUTOS = YES_AGGRESSIVE;
				GCC_WARN_UNUSED_FUNCTION = YES;
				GCC_WARN_UNUSED_VARIABLE = YES;
				MACOSX_DEPLOYMENT_TARGET = 10.11;
				MTL_ENABLE_DEBUG_INFO = YES;
				ONLY_ACTIVE_ARCH = YES;
				SDKROOT = macosx;
			};
			name = Debug;
		};
		A163FA511D62F32B00496D4B /* Release */ = {
			isa = XCBuildConfiguration;
			buildSettings = {
				ALWAYS_SEARCH_USER_PATHS = NO;
				CLANG_CXX_LANGUAGE_STANDARD = "gnu++0x";
				CLANG_CXX_LIBRARY = "libc++";
				CLANG_ENABLE_MODULES = YES;
				CLANG_ENABLE_OBJC_ARC = YES;
				CLANG_WARN_BOOL_CONVERSION = YES;
				CLANG_WARN_CONSTANT_CONVERSION = YES;
				CLANG_WARN_DIRECT_OBJC_ISA_USAGE = YES_ERROR;
				CLANG_WARN_EMPTY_BODY = YES;
				CLANG_WARN_ENUM_CONVERSION = YES;
				CLANG_WARN_INT_CONVERSION = YES;
				CLANG_WARN_OBJC_ROOT_CLASS = YES_ERROR;
				CLANG_WARN_UNREACHABLE_CODE = YES;
				CLANG_WARN__DUPLICATE_METHOD_MATCH = YES;
				CODE_SIGN_IDENTITY = "-";
				COPY_PHASE_STRIP = NO;
				DEBUG_INFORMATION_FORMAT = "dwarf-with-dsym";
				ENABLE_NS_ASSERTIONS = NO;
				ENABLE_STRICT_OBJC_MSGSEND = YES;
				GCC_C_LANGUAGE_STANDARD = gnu99;
				GCC_NO_COMMON_BLOCKS = YES;
				GCC_WARN_64_TO_32_BIT_CONVERSION = YES;
				GCC_WARN_ABOUT_RETURN_TYPE = YES_ERROR;
				GCC_WARN_UNDECLARED_SELECTOR = YES;
				GCC_WARN_UNINITIALIZED_AUTOS = YES_AGGRESSIVE;
				GCC_WARN_UNUSED_FUNCTION = YES;
				GCC_WARN_UNUSED_VARIABLE = YES;
				MACOSX_DEPLOYMENT_TARGET = 10.11;
				MTL_ENABLE_DEBUG_INFO = NO;
				SDKROOT = macosx;
			};
			name = Release;
		};
		A163FA531D62F32B00496D4B /* Debug */ = {
			isa = XCBuildConfiguration;
			buildSettings = {
				ASSETCATALOG_COMPILER_APPICON_NAME = AppIcon;
				COMBINE_HIDPI_IMAGES = YES;
				INFOPLIST_FILE = Mac_NSTextView/Info.plist;
				LD_RUNPATH_SEARCH_PATHS = "$(inherited) @executable_path/../Frameworks";
				PRODUCT_BUNDLE_IDENTIFIER = "s.Mac-NSTextView";
				PRODUCT_NAME = "$(TARGET_NAME)";
			};
			name = Debug;
		};
		A163FA541D62F32B00496D4B /* Release */ = {
			isa = XCBuildConfiguration;
			buildSettings = {
				ASSETCATALOG_COMPILER_APPICON_NAME = AppIcon;
				COMBINE_HIDPI_IMAGES = YES;
				INFOPLIST_FILE = Mac_NSTextView/Info.plist;
				LD_RUNPATH_SEARCH_PATHS = "$(inherited) @executable_path/../Frameworks";
				PRODUCT_BUNDLE_IDENTIFIER = "s.Mac-NSTextView";
				PRODUCT_NAME = "$(TARGET_NAME)";
			};
			name = Release;
		};
/* End XCBuildConfiguration section */

/* Begin XCConfigurationList section */
		A163FA391D62F32B00496D4B /* Build configuration list for PBXProject "Mac_NSTextView" */ = {
			isa = XCConfigurationList;
			buildConfigurations = (
				A163FA501D62F32B00496D4B /* Debug */,
				A163FA511D62F32B00496D4B /* Release */,
			);
			defaultConfigurationIsVisible = 0;
			defaultConfigurationName = Release;
		};
		A163FA521D62F32B00496D4B /* Build configuration list for PBXNativeTarget "Mac_NSTextView" */ = {
			isa = XCConfigurationList;
			buildConfigurations = (
				A163FA531D62F32B00496D4B /* Debug */,
				A163FA541D62F32B00496D4B /* Release */,
			);
			defaultConfigurationIsVisible = 0;
		};
/* End XCConfigurationList section */
	};
	rootObject = A163FA361D62F32B00496D4B /* Project object */;
}
