// !$*UTF8*$!
{
	archiveVersion = 1;
	classes = {
	};
	objectVersion = 46;
	objects = {

/* Begin PBXBuildFile section */
		A165300F1D87D59A005C22AA /* AppDelegate.m in Sources */ = {isa = PBXBuildFile; fileRef = A165300E1D87D59A005C22AA /* AppDelegate.m */; };
		A16530121D87D59A005C22AA /* main.m in Sources */ = {isa = PBXBuildFile; fileRef = A16530111D87D59A005C22AA /* main.m */; };
		A16530151D87D59A005C22AA /* ViewController.m in Sources */ = {isa = PBXBuildFile; fileRef = A16530141D87D59A005C22AA /* ViewController.m */; };
		A16530171D87D59A005C22AA /* Assets.xcassets in Resources */ = {isa = PBXBuildFile; fileRef = A16530161D87D59A005C22AA /* Assets.xcassets */; };
		A165301A1D87D59A005C22AA /* Main.storyboard in Resources */ = {isa = PBXBuildFile; fileRef = A16530181D87D59A005C22AA /* Main.storyboard */; };
/* End PBXBuildFile section */

/* Begin PBXFileReference section */
		A165300A1D87D59A005C22AA /* Mac_NSWorkspace.app */ = {isa = PBXFileReference; explicitFileType = wrapper.application; includeInIndex = 0; path = Mac_NSWorkspace.app; sourceTree = BUILT_PRODUCTS_DIR; };
		A165300D1D87D59A005C22AA /* AppDelegate.h */ = {isa = PBXFileReference; lastKnownFileType = sourcecode.c.h; path = AppDelegate.h; sourceTree = "<group>"; };
		A165300E1D87D59A005C22AA /* AppDelegate.m */ = {isa = PBXFileReference; lastKnownFileType = sourcecode.c.objc; path = AppDelegate.m; sourceTree = "<group>"; };
		A16530111D87D59A005C22AA /* main.m */ = {isa = PBXFileReference; lastKnownFileType = sourcecode.c.objc; path = main.m; sourceTree = "<group>"; };
		A16530131D87D59A005C22AA /* ViewController.h */ = {isa = PBXFileReference; lastKnownFileType = sourcecode.c.h; path = ViewController.h; sourceTree = "<group>"; };
		A16530141D87D59A005C22AA /* ViewController.m */ = {isa = PBXFileReference; lastKnownFileType = sourcecode.c.objc; path = ViewController.m; sourceTree = "<group>"; };
		A16530161D87D59A005C22AA /* Assets.xcassets */ = {isa = PBXFileReference; lastKnownFileType = folder.assetcatalog; path = Assets.xcassets; sourceTree = "<group>"; };
		A16530191D87D59A005C22AA /* Base */ = {isa = PBXFileReference; lastKnownFileType = file.storyboard; name = Base; path = Base.lproj/Main.storyboard; sourceTree = "<group>"; };
		A165301B1D87D59A005C22AA /* Info.plist */ = {isa = PBXFileReference; lastKnownFileType = text.plist.xml; path = Info.plist; sourceTree = "<group>"; };
/* End PBXFileReference section */

/* Begin PBXFrameworksBuildPhase section */
		A16530071D87D59A005C22AA /* Frameworks */ = {
			isa = PBXFrameworksBuildPhase;
			buildActionMask = 2147483647;
			files = (
			);
			runOnlyForDeploymentPostprocessing = 0;
		};
/* End PBXFrameworksBuildPhase section */

/* Begin PBXGroup section */
		A16530011D87D59A005C22AA = {
			isa = PBXGroup;
			children = (
				A165300C1D87D59A005C22AA /* Mac_NSWorkspace */,
				A165300B1D87D59A005C22AA /* Products */,
			);
			sourceTree = "<group>";
		};
		A165300B1D87D59A005C22AA /* Products */ = {
			isa = PBXGroup;
			children = (
				A165300A1D87D59A005C22AA /* Mac_NSWorkspace.app */,
			);
			name = Products;
			sourceTree = "<group>";
		};
		A165300C1D87D59A005C22AA /* Mac_NSWorkspace */ = {
			isa = PBXGroup;
			children = (
				A165300D1D87D59A005C22AA /* AppDelegate.h */,
				A165300E1D87D59A005C22AA /* AppDelegate.m */,
				A16530131D87D59A005C22AA /* ViewController.h */,
				A16530141D87D59A005C22AA /* ViewController.m */,
				A16530161D87D59A005C22AA /* Assets.xcassets */,
				A16530181D87D59A005C22AA /* Main.storyboard */,
				A165301B1D87D59A005C22AA /* Info.plist */,
				A16530101D87D59A005C22AA /* Supporting Files */,
			);
			path = Mac_NSWorkspace;
			sourceTree = "<group>";
		};
		A16530101D87D59A005C22AA /* Supporting Files */ = {
			isa = PBXGroup;
			children = (
				A16530111D87D59A005C22AA /* main.m */,
			);
			name = "Supporting Files";
			sourceTree = "<group>";
		};
/* End PBXGroup section */

/* Begin PBXNativeTarget section */
		A16530091D87D59A005C22AA /* Mac_NSWorkspace */ = {
			isa = PBXNativeTarget;
			buildConfigurationList = A165301E1D87D59A005C22AA /* Build configuration list for PBXNativeTarget "Mac_NSWorkspace" */;
			buildPhases = (
				A16530061D87D59A005C22AA /* Sources */,
				A16530071D87D59A005C22AA /* Frameworks */,
				A16530081D87D59A005C22AA /* Resources */,
			);
			buildRules = (
			);
			dependencies = (
			);
			name = Mac_NSWorkspace;
			productName = Mac_NSWorkspace;
			productReference = A165300A1D87D59A005C22AA /* Mac_NSWorkspace.app */;
			productType = "com.apple.product-type.application";
		};
/* End PBXNativeTarget section */

/* Begin PBXProject section */
		A16530021D87D59A005C22AA /* Project object */ = {
			isa = PBXProject;
			attributes = {
				LastUpgradeCheck = 0720;
				ORGANIZATIONNAME = pengwenjie;
				TargetAttributes = {
					A16530091D87D59A005C22AA = {
						CreatedOnToolsVersion = 7.2.1;
					};
				};
			};
			buildConfigurationList = A16530051D87D59A005C22AA /* Build configuration list for PBXProject "Mac_NSWorkspace" */;
			compatibilityVersion = "Xcode 3.2";
			developmentRegion = English;
			hasScannedForEncodings = 0;
			knownRegions = (
				en,
				Base,
			);
			mainGroup = A16530011D87D59A005C22AA;
			productRefGroup = A165300B1D87D59A005C22AA /* Products */;
			projectDirPath = "";
			projectRoot = "";
			targets = (
				A16530091D87D59A005C22AA /* Mac_NSWorkspace */,
			);
		};
/* End PBXProject section */

/* Begin PBXResourcesBuildPhase section */
		A16530081D87D59A005C22AA /* Resources */ = {
			isa = PBXResourcesBuildPhase;
			buildActionMask = 2147483647;
			files = (
				A16530171D87D59A005C22AA /* Assets.xcassets in Resources */,
				A165301A1D87D59A005C22AA /* Main.storyboard in Resources */,
			);
			runOnlyForDeploymentPostprocessing = 0;
		};
/* End PBXResourcesBuildPhase section */

/* Begin PBXSourcesBuildPhase section */
		A16530061D87D59A005C22AA /* Sources */ = {
			isa = PBXSourcesBuildPhase;
			buildActionMask = 2147483647;
			files = (
				A16530151D87D59A005C22AA /* ViewController.m in Sources */,
				A16530121D87D59A005C22AA /* main.m in Sources */,
				A165300F1D87D59A005C22AA /* AppDelegate.m in Sources */,
			);
			runOnlyForDeploymentPostprocessing = 0;
		};
/* End PBXSourcesBuildPhase section */

/* Begin PBXVariantGroup section */
		A16530181D87D59A005C22AA /* Main.storyboard */ = {
			isa = PBXVariantGroup;
			children = (
				A16530191D87D59A005C22AA /* Base */,
			);
			name = Main.storyboard;
			sourceTree = "<group>";
		};
/* End PBXVariantGroup section */

/* Begin XCBuildConfiguration section */
		A165301C1D87D59A005C22AA /* Debug */ = {
			isa = XCBuildConfiguration;
			buildSettings = {
				ALWAYS_SEARCH_USER_PATHS = NO;
				CLANG_CXX_LANGUAGE_STANDARD = "gnu++0x";
				CLANG_CXX_LIBRARY = "libc++";
				CLANG_ENABLE_MODULES = YES;
				CLANG_ENABLE_OBJC_ARC = YES;
				CLANG_WARN_BOOL_CONVERSION = YES;
				CLANG_WARN_CONSTANT_CONVERSION = YES;
				CLANG_WARN_DIRECT_OBJC_ISA_USAGE = YES_ERROR;
				CLANG_WARN_EMPTY_BODY = YES;
				CLANG_WARN_ENUM_CONVERSION = YES;
				CLANG_WARN_INT_CONVERSION = YES;
				CLANG_WARN_OBJC_ROOT_CLASS = YES_ERROR;
				CLANG_WARN_UNREACHABLE_CODE = YES;
				CLANG_WARN__DUPLICATE_METHOD_MATCH = YES;
				CODE_SIGN_IDENTITY = "-";
				COPY_PHASE_STRIP = NO;
				DEBUG_INFORMATION_FORMAT = dwarf;
				ENABLE_STRICT_OBJC_MSGSEND = YES;
				ENABLE_TESTABILITY = YES;
				GCC_C_LANGUAGE_STANDARD = gnu99;
				GCC_DYNAMIC_NO_PIC = NO;
				GCC_NO_COMMON_BLOCKS = YES;
				GCC_OPTIMIZATION_LEVEL = 0;
				GCC_PREPROCESSOR_DEFINITIONS = (
					"DEBUG=1",
					"$(inherited)",
				);
				GCC_WARN_64_TO_32_BIT_CONVERSION = YES;
				GCC_WARN_ABOUT_RETURN_TYPE = YES_ERROR;
				GCC_WARN_UNDECLARED_SELECTOR = YES;
				GCC_WARN_UNINITIALIZED_AUTOS = YES_AGGRESSIVE;
				GCC_WARN_UNUSED_FUNCTION = YES;
				GCC_WARN_UNUSED_VARIABLE = YES;
				MACOSX_DEPLOYMENT_TARGET = 10.11;
				MTL_ENABLE_DEBUG_INFO = YES;
				ONLY_ACTIVE_ARCH = YES;
				SDKROOT = macosx;
			};
			name = Debug;
		};
		A165301D1D87D59A005C22AA /* Release */ = {
			isa = XCBuildConfiguration;
			buildSettings = {
				ALWAYS_SEARCH_USER_PATHS = NO;
				CLANG_CXX_LANGUAGE_STANDARD = "gnu++0x";
				CLANG_CXX_LIBRARY = "libc++";
				CLANG_ENABLE_MODULES = YES;
				CLANG_ENABLE_OBJC_ARC = YES;
				CLANG_WARN_BOOL_CONVERSION = YES;
				CLANG_WARN_CONSTANT_CONVERSION = YES;
				CLANG_WARN_DIRECT_OBJC_ISA_USAGE = YES_ERROR;
				CLANG_WARN_EMPTY_BODY = YES;
				CLANG_WARN_ENUM_CONVERSION = YES;
				CLANG_WARN_INT_CONVERSION = YES;
				CLANG_WARN_OBJC_ROOT_CLASS = YES_ERROR;
				CLANG_WARN_UNREACHABLE_CODE = YES;
				CLANG_WARN__DUPLICATE_METHOD_MATCH = YES;
				CODE_SIGN_IDENTITY = "-";
				COPY_PHASE_STRIP = NO;
				DEBUG_INFORMATION_FORMAT = "dwarf-with-dsym";
				ENABLE_NS_ASSERTIONS = NO;
				ENABLE_STRICT_OBJC_MSGSEND = YES;
				GCC_C_LANGUAGE_STANDARD = gnu99;
				GCC_NO_COMMON_BLOCKS = YES;
				GCC_WARN_64_TO_32_BIT_CONVERSION = YES;
				GCC_WARN_ABOUT_RETURN_TYPE = YES_ERROR;
				GCC_WARN_UNDECLARED_SELECTOR = YES;
				GCC_WARN_UNINITIALIZED_AUTOS = YES_AGGRESSIVE;
				GCC_WARN_UNUSED_FUNCTION = YES;
				GCC_WARN_UNUSED_VARIABLE = YES;
				MACOSX_DEPLOYMENT_TARGET = 10.11;
				MTL_ENABLE_DEBUG_INFO = NO;
				SDKROOT = macosx;
			};
			name = Release;
		};
		A165301F1D87D59A005C22AA /* Debug */ = {
			isa = XCBuildConfiguration;
			buildSettings = {
				ASSETCATALOG_COMPILER_APPICON_NAME = AppIcon;
				COMBINE_HIDPI_IMAGES = YES;
				INFOPLIST_FILE = Mac_NSWorkspace/Info.plist;
				LD_RUNPATH_SEARCH_PATHS = "$(inherited) @executable_path/../Frameworks";
				PRODUCT_BUNDLE_IDENTIFIER = "s.Mac-NSWorkspace";
				PRODUCT_NAME = "$(TARGET_NAME)";
			};
			name = Debug;
		};
		A16530201D87D59A005C22AA /* Release */ = {
			isa = XCBuildConfiguration;
			buildSettings = {
				ASSETCATALOG_COMPILER_APPICON_NAME = AppIcon;
				COMBINE_HIDPI_IMAGES = YES;
				INFOPLIST_FILE = Mac_NSWorkspace/Info.plist;
				LD_RUNPATH_SEARCH_PATHS = "$(inherited) @executable_path/../Frameworks";
				PRODUCT_BUNDLE_IDENTIFIER = "s.Mac-NSWorkspace";
				PRODUCT_NAME = "$(TARGET_NAME)";
			};
			name = Release;
		};
/* End XCBuildConfiguration section */

/* Begin XCConfigurationList section */
		A16530051D87D59A005C22AA /* Build configuration list for PBXProject "Mac_NSWorkspace" */ = {
			isa = XCConfigurationList;
			buildConfigurations = (
				A165301C1D87D59A005C22AA /* Debug */,
				A165301D1D87D59A005C22AA /* Release */,
			);
			defaultConfigurationIsVisible = 0;
			defaultConfigurationName = Release;
		};
		A165301E1D87D59A005C22AA /* Build configuration list for PBXNativeTarget "Mac_NSWorkspace" */ = {
			isa = XCConfigurationList;
			buildConfigurations = (
				A165301F1D87D59A005C22AA /* Debug */,
				A16530201D87D59A005C22AA /* Release */,
			);
			defaultConfigurationIsVisible = 0;
		};
/* End XCConfigurationList section */
	};
	rootObject = A16530021D87D59A005C22AA /* Project object */;
}
